// !$*UTF8*$!
{
	archiveVersion = 1;
	classes = {
	};
	objectVersion = 56;
	objects = {

/* Begin PBXBuildFile section */
		14273F2C2AD5C40A002C29DB /* AppDelegate.swift in Sources */ = {isa = PBXBuildFile; fileRef = 14273F2B2AD5C40A002C29DB /* AppDelegate.swift */; };
		14273F2E2AD5C40A002C29DB /* SceneDelegate.swift in Sources */ = {isa = PBXBuildFile; fileRef = 14273F2D2AD5C40A002C29DB /* SceneDelegate.swift */; };
		14273F302AD5C40A002C29DB /* ViewController.swift in Sources */ = {isa = PBXBuildFile; fileRef = 14273F2F2AD5C40A002C29DB /* ViewController.swift */; };
		14273F332AD5C40A002C29DB /* Main.storyboard in Resources */ = {isa = PBXBuildFile; fileRef = 14273F312AD5C40A002C29DB /* Main.storyboard */; };
		14273F352AD5C40B002C29DB /* Assets.xcassets in Resources */ = {isa = PBXBuildFile; fileRef = 14273F342AD5C40B002C29DB /* Assets.xcassets */; };
		14273F382AD5C40B002C29DB /* LaunchScreen.storyboard in Resources */ = {isa = PBXBuildFile; fileRef = 14273F362AD5C40B002C29DB /* LaunchScreen.storyboard */; };
		14273F432AD5C40C002C29DB /* ci_cd_testTests.swift in Sources */ = {isa = PBXBuildFile; fileRef = 14273F422AD5C40C002C29DB /* ci_cd_testTests.swift */; };
		14273F4D2AD5C40C002C29DB /* ci_cd_testUITests.swift in Sources */ = {isa = PBXBuildFile; fileRef = 14273F4C2AD5C40C002C29DB /* ci_cd_testUITests.swift */; };
		14273F4F2AD5C40C002C29DB /* ci_cd_testUITestsLaunchTests.swift in Sources */ = {isa = PBXBuildFile; fileRef = 14273F4E2AD5C40C002C29DB /* ci_cd_testUITestsLaunchTests.swift */; };
/* End PBXBuildFile section */

/* Begin PBXContainerItemProxy section */
		14273F3F2AD5C40C002C29DB /* PBXContainerItemProxy */ = {
			isa = PBXContainerItemProxy;
			containerPortal = 14273F202AD5C40A002C29DB /* Project object */;
			proxyType = 1;
			remoteGlobalIDString = 14273F272AD5C40A002C29DB;
			remoteInfo = "ci-cd-test";
		};
		14273F492AD5C40C002C29DB /* PBXContainerItemProxy */ = {
			isa = PBXContainerItemProxy;
			containerPortal = 14273F202AD5C40A002C29DB /* Project object */;
			proxyType = 1;
			remoteGlobalIDString = 14273F272AD5C40A002C29DB;
			remoteInfo = "ci-cd-test";
		};
/* End PBXContainerItemProxy section */

/* Begin PBXFileReference section */
		14273F282AD5C40A002C29DB /* ci-cd-test.app */ = {isa = PBXFileReference; explicitFileType = wrapper.application; includeInIndex = 0; path = "ci-cd-test.app"; sourceTree = BUILT_PRODUCTS_DIR; };
		14273F2B2AD5C40A002C29DB /* AppDelegate.swift */ = {isa = PBXFileReference; lastKnownFileType = sourcecode.swift; path = AppDelegate.swift; sourceTree = "<group>"; };
		14273F2D2AD5C40A002C29DB /* SceneDelegate.swift */ = {isa = PBXFileReference; lastKnownFileType = sourcecode.swift; path = SceneDelegate.swift; sourceTree = "<group>"; };
		14273F2F2AD5C40A002C29DB /* ViewController.swift */ = {isa = PBXFileReference; lastKnownFileType = sourcecode.swift; path = ViewController.swift; sourceTree = "<group>"; };
		14273F322AD5C40A002C29DB /* Base */ = {isa = PBXFileReference; lastKnownFileType = file.storyboard; name = Base; path = Base.lproj/Main.storyboard; sourceTree = "<group>"; };
		14273F342AD5C40B002C29DB /* Assets.xcassets */ = {isa = PBXFileReference; lastKnownFileType = folder.assetcatalog; path = Assets.xcassets; sourceTree = "<group>"; };
		14273F372AD5C40B002C29DB /* Base */ = {isa = PBXFileReference; lastKnownFileType = file.storyboard; name = Base; path = Base.lproj/LaunchScreen.storyboard; sourceTree = "<group>"; };
		14273F392AD5C40B002C29DB /* Info.plist */ = {isa = PBXFileReference; lastKnownFileType = text.plist.xml; path = Info.plist; sourceTree = "<group>"; };
		14273F3E2AD5C40C002C29DB /* ci-cd-testTests.xctest */ = {isa = PBXFileReference; explicitFileType = wrapper.cfbundle; includeInIndex = 0; path = "ci-cd-testTests.xctest"; sourceTree = BUILT_PRODUCTS_DIR; };
		14273F422AD5C40C002C29DB /* ci_cd_testTests.swift */ = {isa = PBXFileReference; lastKnownFileType = sourcecode.swift; path = ci_cd_testTests.swift; sourceTree = "<group>"; };
		14273F482AD5C40C002C29DB /* ci-cd-testUITests.xctest */ = {isa = PBXFileReference; explicitFileType = wrapper.cfbundle; includeInIndex = 0; path = "ci-cd-testUITests.xctest"; sourceTree = BUILT_PRODUCTS_DIR; };
		14273F4C2AD5C40C002C29DB /* ci_cd_testUITests.swift */ = {isa = PBXFileReference; lastKnownFileType = sourcecode.swift; path = ci_cd_testUITests.swift; sourceTree = "<group>"; };
		14273F4E2AD5C40C002C29DB /* ci_cd_testUITestsLaunchTests.swift */ = {isa = PBXFileReference; lastKnownFileType = sourcecode.swift; path = ci_cd_testUITestsLaunchTests.swift; sourceTree = "<group>"; };
/* End PBXFileReference section */

/* Begin PBXFrameworksBuildPhase section */
		14273F252AD5C40A002C29DB /* Frameworks */ = {
			isa = PBXFrameworksBuildPhase;
			buildActionMask = 2147483647;
			files = (
			);
			runOnlyForDeploymentPostprocessing = 0;
		};
		14273F3B2AD5C40C002C29DB /* Frameworks */ = {
			isa = PBXFrameworksBuildPhase;
			buildActionMask = 2147483647;
			files = (
			);
			runOnlyForDeploymentPostprocessing = 0;
		};
		14273F452AD5C40C002C29DB /* Frameworks */ = {
			isa = PBXFrameworksBuildPhase;
			buildActionMask = 2147483647;
			files = (
			);
			runOnlyForDeploymentPostprocessing = 0;
		};
/* End PBXFrameworksBuildPhase section */

/* Begin PBXGroup section */
		14273F1F2AD5C40A002C29DB = {
			isa = PBXGroup;
			children = (
				14273F2A2AD5C40A002C29DB /* ci-cd-test */,
				14273F412AD5C40C002C29DB /* ci-cd-testTests */,
				14273F4B2AD5C40C002C29DB /* ci-cd-testUITests */,
				14273F292AD5C40A002C29DB /* Products */,
			);
			sourceTree = "<group>";
		};
		14273F292AD5C40A002C29DB /* Products */ = {
			isa = PBXGroup;
			children = (
				14273F282AD5C40A002C29DB /* ci-cd-test.app */,
				14273F3E2AD5C40C002C29DB /* ci-cd-testTests.xctest */,
				14273F482AD5C40C002C29DB /* ci-cd-testUITests.xctest */,
			);
			name = Products;
			sourceTree = "<group>";
		};
		14273F2A2AD5C40A002C29DB /* ci-cd-test */ = {
			isa = PBXGroup;
			children = (
				14273F2B2AD5C40A002C29DB /* AppDelegate.swift */,
				14273F2D2AD5C40A002C29DB /* SceneDelegate.swift */,
				14273F2F2AD5C40A002C29DB /* ViewController.swift */,
				14273F312AD5C40A002C29DB /* Main.storyboard */,
				14273F342AD5C40B002C29DB /* Assets.xcassets */,
				14273F362AD5C40B002C29DB /* LaunchScreen.storyboard */,
				14273F392AD5C40B002C29DB /* Info.plist */,
			);
			path = "ci-cd-test";
			sourceTree = "<group>";
		};
		14273F412AD5C40C002C29DB /* ci-cd-testTests */ = {
			isa = PBXGroup;
			children = (
				14273F422AD5C40C002C29DB /* ci_cd_testTests.swift */,
			);
			path = "ci-cd-testTests";
			sourceTree = "<group>";
		};
		14273F4B2AD5C40C002C29DB /* ci-cd-testUITests */ = {
			isa = PBXGroup;
			children = (
				14273F4C2AD5C40C002C29DB /* ci_cd_testUITests.swift */,
				14273F4E2AD5C40C002C29DB /* ci_cd_testUITestsLaunchTests.swift */,
			);
			path = "ci-cd-testUITests";
			sourceTree = "<group>";
		};
/* End PBXGroup section */

/* Begin PBXNativeTarget section */
		14273F272AD5C40A002C29DB /* ci-cd-test */ = {
			isa = PBXNativeTarget;
			buildConfigurationList = 14273F522AD5C40C002C29DB /* Build configuration list for PBXNativeTarget "ci-cd-test" */;
			buildPhases = (
				14273F242AD5C40A002C29DB /* Sources */,
				14273F252AD5C40A002C29DB /* Frameworks */,
				14273F262AD5C40A002C29DB /* Resources */,
			);
			buildRules = (
			);
			dependencies = (
			);
			name = "ci-cd-test";
			productName = "ci-cd-test";
			productReference = 14273F282AD5C40A002C29DB /* ci-cd-test.app */;
			productType = "com.apple.product-type.application";
		};
		14273F3D2AD5C40C002C29DB /* ci-cd-testTests */ = {
			isa = PBXNativeTarget;
			buildConfigurationList = 14273F552AD5C40C002C29DB /* Build configuration list for PBXNativeTarget "ci-cd-testTests" */;
			buildPhases = (
				14273F3A2AD5C40C002C29DB /* Sources */,
				14273F3B2AD5C40C002C29DB /* Frameworks */,
				14273F3C2AD5C40C002C29DB /* Resources */,
			);
			buildRules = (
			);
			dependencies = (
				14273F402AD5C40C002C29DB /* PBXTargetDependency */,
			);
			name = "ci-cd-testTests";
			productName = "ci-cd-testTests";
			productReference = 14273F3E2AD5C40C002C29DB /* ci-cd-testTests.xctest */;
			productType = "com.apple.product-type.bundle.unit-test";
		};
		14273F472AD5C40C002C29DB /* ci-cd-testUITests */ = {
			isa = PBXNativeTarget;
			buildConfigurationList = 14273F582AD5C40C002C29DB /* Build configuration list for PBXNativeTarget "ci-cd-testUITests" */;
			buildPhases = (
				14273F442AD5C40C002C29DB /* Sources */,
				14273F452AD5C40C002C29DB /* Frameworks */,
				14273F462AD5C40C002C29DB /* Resources */,
			);
			buildRules = (
			);
			dependencies = (
				14273F4A2AD5C40C002C29DB /* PBXTargetDependency */,
			);
			name = "ci-cd-testUITests";
			productName = "ci-cd-testUITests";
			productReference = 14273F482AD5C40C002C29DB /* ci-cd-testUITests.xctest */;
			productType = "com.apple.product-type.bundle.ui-testing";
		};
/* End PBXNativeTarget section */

/* Begin PBXProject section */
		14273F202AD5C40A002C29DB /* Project object */ = {
			isa = PBXProject;
			attributes = {
				BuildIndependentTargetsInParallel = 1;
				LastSwiftUpdateCheck = 1500;
				LastUpgradeCheck = 1500;
				TargetAttributes = {
					14273F272AD5C40A002C29DB = {
						CreatedOnToolsVersion = 15.0;
					};
					14273F3D2AD5C40C002C29DB = {
						CreatedOnToolsVersion = 15.0;
						TestTargetID = 14273F272AD5C40A002C29DB;
					};
					14273F472AD5C40C002C29DB = {
						CreatedOnToolsVersion = 15.0;
						TestTargetID = 14273F272AD5C40A002C29DB;
					};
				};
			};
			buildConfigurationList = 14273F232AD5C40A002C29DB /* Build configuration list for PBXProject "ci-cd-test" */;
			compatibilityVersion = "Xcode 14.0";
			developmentRegion = en;
			hasScannedForEncodings = 0;
			knownRegions = (
				en,
				Base,
			);
			mainGroup = 14273F1F2AD5C40A002C29DB;
			productRefGroup = 14273F292AD5C40A002C29DB /* Products */;
			projectDirPath = "";
			projectRoot = "";
			targets = (
				14273F272AD5C40A002C29DB /* ci-cd-test */,
				14273F3D2AD5C40C002C29DB /* ci-cd-testTests */,
				14273F472AD5C40C002C29DB /* ci-cd-testUITests */,
			);
		};
/* End PBXProject section */

/* Begin PBXResourcesBuildPhase section */
		14273F262AD5C40A002C29DB /* Resources */ = {
			isa = PBXResourcesBuildPhase;
			buildActionMask = 2147483647;
			files = (
				14273F382AD5C40B002C29DB /* LaunchScreen.storyboard in Resources */,
				14273F352AD5C40B002C29DB /* Assets.xcassets in Resources */,
				14273F332AD5C40A002C29DB /* Main.storyboard in Resources */,
			);
			runOnlyForDeploymentPostprocessing = 0;
		};
		14273F3C2AD5C40C002C29DB /* Resources */ = {
			isa = PBXResourcesBuildPhase;
			buildActionMask = 2147483647;
			files = (
			);
			runOnlyForDeploymentPostprocessing = 0;
		};
		14273F462AD5C40C002C29DB /* Resources */ = {
			isa = PBXResourcesBuildPhase;
			buildActionMask = 2147483647;
			files = (
			);
			runOnlyForDeploymentPostprocessing = 0;
		};
/* End PBXResourcesBuildPhase section */

/* Begin PBXSourcesBuildPhase section */
		14273F242AD5C40A002C29DB /* Sources */ = {
			isa = PBXSourcesBuildPhase;
			buildActionMask = 2147483647;
			files = (
				14273F302AD5C40A002C29DB /* ViewController.swift in Sources */,
				14273F2C2AD5C40A002C29DB /* AppDelegate.swift in Sources */,
				14273F2E2AD5C40A002C29DB /* SceneDelegate.swift in Sources */,
			);
			runOnlyForDeploymentPostprocessing = 0;
		};
		14273F3A2AD5C40C002C29DB /* Sources */ = {
			isa = PBXSourcesBuildPhase;
			buildActionMask = 2147483647;
			files = (
				14273F432AD5C40C002C29DB /* ci_cd_testTests.swift in Sources */,
			);
			runOnlyForDeploymentPostprocessing = 0;
		};
		14273F442AD5C40C002C29DB /* Sources */ = {
			isa = PBXSourcesBuildPhase;
			buildActionMask = 2147483647;
			files = (
				14273F4D2AD5C40C002C29DB /* ci_cd_testUITests.swift in Sources */,
				14273F4F2AD5C40C002C29DB /* ci_cd_testUITestsLaunchTests.swift in Sources */,
			);
			runOnlyForDeploymentPostprocessing = 0;
		};
/* End PBXSourcesBuildPhase section */

/* Begin PBXTargetDependency section */
		14273F402AD5C40C002C29DB /* PBXTargetDependency */ = {
			isa = PBXTargetDependency;
			target = 14273F272AD5C40A002C29DB /* ci-cd-test */;
			targetProxy = 14273F3F2AD5C40C002C29DB /* PBXContainerItemProxy */;
		};
		14273F4A2AD5C40C002C29DB /* PBXTargetDependency */ = {
			isa = PBXTargetDependency;
			target = 14273F272AD5C40A002C29DB /* ci-cd-test */;
			targetProxy = 14273F492AD5C40C002C29DB /* PBXContainerItemProxy */;
		};
/* End PBXTargetDependency section */

/* Begin PBXVariantGroup section */
		14273F312AD5C40A002C29DB /* Main.storyboard */ = {
			isa = PBXVariantGroup;
			children = (
				14273F322AD5C40A002C29DB /* Base */,
			);
			name = Main.storyboard;
			sourceTree = "<group>";
		};
		14273F362AD5C40B002C29DB /* LaunchScreen.storyboard */ = {
			isa = PBXVariantGroup;
			children = (
				14273F372AD5C40B002C29DB /* Base */,
			);
			name = LaunchScreen.storyboard;
			sourceTree = "<group>";
		};
/* End PBXVariantGroup section */

/* Begin XCBuildConfiguration section */
		14273F502AD5C40C002C29DB /* Debug */ = {
			isa = XCBuildConfiguration;
			buildSettings = {
				ALWAYS_SEARCH_USER_PATHS = NO;
				ASSETCATALOG_COMPILER_GENERATE_SWIFT_ASSET_SYMBOL_EXTENSIONS = YES;
				CLANG_ANALYZER_NONNULL = YES;
				CLANG_ANALYZER_NUMBER_OBJECT_CONVERSION = YES_AGGRESSIVE;
				CLANG_CXX_LANGUAGE_STANDARD = "gnu++20";
				CLANG_ENABLE_MODULES = YES;
				CLANG_ENABLE_OBJC_ARC = YES;
				CLANG_ENABLE_OBJC_WEAK = YES;
				CLANG_WARN_BLOCK_CAPTURE_AUTORELEASING = YES;
				CLANG_WARN_BOOL_CONVERSION = YES;
				CLANG_WARN_COMMA = YES;
				CLANG_WARN_CONSTANT_CONVERSION = YES;
				CLANG_WARN_DEPRECATED_OBJC_IMPLEMENTATIONS = YES;
				CLANG_WARN_DIRECT_OBJC_ISA_USAGE = YES_ERROR;
				CLANG_WARN_DOCUMENTATION_COMMENTS = YES;
				CLANG_WARN_EMPTY_BODY = YES;
				CLANG_WARN_ENUM_CONVERSION = YES;
				CLANG_WARN_INFINITE_RECURSION = YES;
				CLANG_WARN_INT_CONVERSION = YES;
				CLANG_WARN_NON_LITERAL_NULL_CONVERSION = YES;
				CLANG_WARN_OBJC_IMPLICIT_RETAIN_SELF = YES;
				CLANG_WARN_OBJC_LITERAL_CONVERSION = YES;
				CLANG_WARN_OBJC_ROOT_CLASS = YES_ERROR;
				CLANG_WARN_QUOTED_INCLUDE_IN_FRAMEWORK_HEADER = YES;
				CLANG_WARN_RANGE_LOOP_ANALYSIS = YES;
				CLANG_WARN_STRICT_PROTOTYPES = YES;
				CLANG_WARN_SUSPICIOUS_MOVE = YES;
				CLANG_WARN_UNGUARDED_AVAILABILITY = YES_AGGRESSIVE;
				CLANG_WARN_UNREACHABLE_CODE = YES;
				CLANG_WARN__DUPLICATE_METHOD_MATCH = YES;
				COPY_PHASE_STRIP = NO;
				DEBUG_INFORMATION_FORMAT = dwarf;
				ENABLE_STRICT_OBJC_MSGSEND = YES;
				ENABLE_TESTABILITY = YES;
				ENABLE_USER_SCRIPT_SANDBOXING = YES;
				GCC_C_LANGUAGE_STANDARD = gnu17;
				GCC_DYNAMIC_NO_PIC = NO;
				GCC_NO_COMMON_BLOCKS = YES;
				GCC_OPTIMIZATION_LEVEL = 0;
				GCC_PREPROCESSOR_DEFINITIONS = (
					"DEBUG=1",
					"$(inherited)",
				);
				GCC_WARN_64_TO_32_BIT_CONVERSION = YES;
				GCC_WARN_ABOUT_RETURN_TYPE = YES_ERROR;
				GCC_WARN_UNDECLARED_SELECTOR = YES;
				GCC_WARN_UNINITIALIZED_AUTOS = YES_AGGRESSIVE;
				GCC_WARN_UNUSED_FUNCTION = YES;
				GCC_WARN_UNUSED_VARIABLE = YES;
				IPHONEOS_DEPLOYMENT_TARGET = 17.0;
				LOCALIZATION_PREFERS_STRING_CATALOGS = YES;
				MTL_ENABLE_DEBUG_INFO = INCLUDE_SOURCE;
				MTL_FAST_MATH = YES;
				ONLY_ACTIVE_ARCH = YES;
				SDKROOT = iphoneos;
				SWIFT_ACTIVE_COMPILATION_CONDITIONS = "DEBUG $(inherited)";
				SWIFT_OPTIMIZATION_LEVEL = "-Onone";
			};
			name = Debug;
		};
		14273F512AD5C40C002C29DB /* Release */ = {
			isa = XCBuildConfiguration;
			buildSettings = {
				ALWAYS_SEARCH_USER_PATHS = NO;
				ASSETCATALOG_COMPILER_GENERATE_SWIFT_ASSET_SYMBOL_EXTENSIONS = YES;
				CLANG_ANALYZER_NONNULL = YES;
				CLANG_ANALYZER_NUMBER_OBJECT_CONVERSION = YES_AGGRESSIVE;
				CLANG_CXX_LANGUAGE_STANDARD = "gnu++20";
				CLANG_ENABLE_MODULES = YES;
				CLANG_ENABLE_OBJC_ARC = YES;
				CLANG_ENABLE_OBJC_WEAK = YES;
				CLANG_WARN_BLOCK_CAPTURE_AUTORELEASING = YES;
				CLANG_WARN_BOOL_CONVERSION = YES;
				CLANG_WARN_COMMA = YES;
				CLANG_WARN_CONSTANT_CONVERSION = YES;
				CLANG_WARN_DEPRECATED_OBJC_IMPLEMENTATIONS = YES;
				CLANG_WARN_DIRECT_OBJC_ISA_USAGE = YES_ERROR;
				CLANG_WARN_DOCUMENTATION_COMMENTS = YES;
				CLANG_WARN_EMPTY_BODY = YES;
				CLANG_WARN_ENUM_CONVERSION = YES;
				CLANG_WARN_INFINITE_RECURSION = YES;
				CLANG_WARN_INT_CONVERSION = YES;
				CLANG_WARN_NON_LITERAL_NULL_CONVERSION = YES;
				CLANG_WARN_OBJC_IMPLICIT_RETAIN_SELF = YES;
				CLANG_WARN_OBJC_LITERAL_CONVERSION = YES;
				CLANG_WARN_OBJC_ROOT_CLASS = YES_ERROR;
				CLANG_WARN_QUOTED_INCLUDE_IN_FRAMEWORK_HEADER = YES;
				CLANG_WARN_RANGE_LOOP_ANALYSIS = YES;
				CLANG_WARN_STRICT_PROTOTYPES = YES;
				CLANG_WARN_SUSPICIOUS_MOVE = YES;
				CLANG_WARN_UNGUARDED_AVAILABILITY = YES_AGGRESSIVE;
				CLANG_WARN_UNREACHABLE_CODE = YES;
				CLANG_WARN__DUPLICATE_METHOD_MATCH = YES;
				COPY_PHASE_STRIP = NO;
				DEBUG_INFORMATION_FORMAT = "dwarf-with-dsym";
				ENABLE_NS_ASSERTIONS = NO;
				ENABLE_STRICT_OBJC_MSGSEND = YES;
				ENABLE_USER_SCRIPT_SANDBOXING = YES;
				GCC_C_LANGUAGE_STANDARD = gnu17;
				GCC_NO_COMMON_BLOCKS = YES;
				GCC_WARN_64_TO_32_BIT_CONVERSION = YES;
				GCC_WARN_ABOUT_RETURN_TYPE = YES_ERROR;
				GCC_WARN_UNDECLARED_SELECTOR = YES;
				GCC_WARN_UNINITIALIZED_AUTOS = YES_AGGRESSIVE;
				GCC_WARN_UNUSED_FUNCTION = YES;
				GCC_WARN_UNUSED_VARIABLE = YES;
				IPHONEOS_DEPLOYMENT_TARGET = 17.0;
				LOCALIZATION_PREFERS_STRING_CATALOGS = YES;
				MTL_ENABLE_DEBUG_INFO = NO;
				MTL_FAST_MATH = YES;
				SDKROOT = iphoneos;
				SWIFT_COMPILATION_MODE = wholemodule;
				VALIDATE_PRODUCT = YES;
			};
			name = Release;
		};
		14273F532AD5C40C002C29DB /* Debug */ = {
			isa = XCBuildConfiguration;
			buildSettings = {
				ASSETCATALOG_COMPILER_APPICON_NAME = AppIcon;
				ASSETCATALOG_COMPILER_GLOBAL_ACCENT_COLOR_NAME = AccentColor;
				CODE_SIGN_STYLE = Automatic;
				CURRENT_PROJECT_VERSION = 1;
				DEVELOPMENT_TEAM = NMM9F9QK67;
				GENERATE_INFOPLIST_FILE = YES;
				INFOPLIST_FILE = "ci-cd-test/Info.plist";
				INFOPLIST_KEY_UIApplicationSupportsIndirectInputEvents = YES;
				INFOPLIST_KEY_UILaunchStoryboardName = LaunchScreen;
				INFOPLIST_KEY_UIMainStoryboardFile = Main;
				INFOPLIST_KEY_UISupportedInterfaceOrientations_iPad = "UIInterfaceOrientationPortrait UIInterfaceOrientationPortraitUpsideDown UIInterfaceOrientationLandscapeLeft UIInterfaceOrientationLandscapeRight";
				INFOPLIST_KEY_UISupportedInterfaceOrientations_iPhone = "UIInterfaceOrientationPortrait UIInterfaceOrientationLandscapeLeft UIInterfaceOrientationLandscapeRight";
				LD_RUNPATH_SEARCH_PATHS = (
					"$(inherited)",
					"@executable_path/Frameworks",
				);
				MARKETING_VERSION = 1.0;
				PRODUCT_BUNDLE_IDENTIFIER = "com.seven.ci-cd-test";
				PRODUCT_NAME = "$(TARGET_NAME)";
				SWIFT_EMIT_LOC_STRINGS = YES;
				SWIFT_VERSION = 5.0;
				TARGETED_DEVICE_FAMILY = "1,2";
			};
			name = Debug;
		};
		14273F542AD5C40C002C29DB /* Release */ = {
			isa = XCBuildConfiguration;
			buildSettings = {
				ASSETCATALOG_COMPILER_APPICON_NAME = AppIcon;
				ASSETCATALOG_COMPILER_GLOBAL_ACCENT_COLOR_NAME = AccentColor;
				CODE_SIGN_STYLE = Automatic;
				CURRENT_PROJECT_VERSION = 1;
				DEVELOPMENT_TEAM = NMM9F9QK67;
				GENERATE_INFOPLIST_FILE = YES;
				INFOPLIST_FILE = "ci-cd-test/Info.plist";
				INFOPLIST_KEY_UIApplicationSupportsIndirectInputEvents = YES;
				INFOPLIST_KEY_UILaunchStoryboardName = LaunchScreen;
				INFOPLIST_KEY_UIMainStoryboardFile = Main;
				INFOPLIST_KEY_UISupportedInterfaceOrientations_iPad = "UIInterfaceOrientationPortrait UIInterfaceOrientationPortraitUpsideDown UIInterfaceOrientationLandscapeLeft UIInterfaceOrientationLandscapeRight";
				INFOPLIST_KEY_UISupportedInterfaceOrientations_iPhone = "UIInterfaceOrientationPortrait UIInterfaceOrientationLandscapeLeft UIInterfaceOrientationLandscapeRight";
				LD_RUNPATH_SEARCH_PATHS = (
					"$(inherited)",
					"@executable_path/Frameworks",
				);
				MARKETING_VERSION = 1.0;
				PRODUCT_BUNDLE_IDENTIFIER = "com.seven.ci-cd-test";
				PRODUCT_NAME = "$(TARGET_NAME)";
				SWIFT_EMIT_LOC_STRINGS = YES;
				SWIFT_VERSION = 5.0;
				TARGETED_DEVICE_FAMILY = "1,2";
			};
			name = Release;
		};
		14273F562AD5C40C002C29DB /* Debug */ = {
			isa = XCBuildConfiguration;
			buildSettings = {
				ALWAYS_EMBED_SWIFT_STANDARD_LIBRARIES = YES;
				BUNDLE_LOADER = "$(TEST_HOST)";
				CODE_SIGN_STYLE = Automatic;
				CURRENT_PROJECT_VERSION = 1;
				DEVELOPMENT_TEAM = NMM9F9QK67;
				GENERATE_INFOPLIST_FILE = YES;
				IPHONEOS_DEPLOYMENT_TARGET = 17.0;
				MARKETING_VERSION = 1.0;
				PRODUCT_BUNDLE_IDENTIFIER = "com.seven.ci-cd-testTests";
				PRODUCT_NAME = "$(TARGET_NAME)";
				SWIFT_EMIT_LOC_STRINGS = NO;
				SWIFT_VERSION = 5.0;
				TARGETED_DEVICE_FAMILY = "1,2";
				TEST_HOST = "$(BUILT_PRODUCTS_DIR)/ci-cd-test.app/$(BUNDLE_EXECUTABLE_FOLDER_PATH)/ci-cd-test";
			};
			name = Debug;
		};
		14273F572AD5C40C002C29DB /* Release */ = {
			isa = XCBuildConfiguration;
			buildSettings = {
				ALWAYS_EMBED_SWIFT_STANDARD_LIBRARIES = YES;
				BUNDLE_LOADER = "$(TEST_HOST)";
				CODE_SIGN_STYLE = Automatic;
				CURRENT_PROJECT_VERSION = 1;
				DEVELOPMENT_TEAM = NMM9F9QK67;
				GENERATE_INFOPLIST_FILE = YES;
				IPHONEOS_DEPLOYMENT_TARGET = 17.0;
				MARKETING_VERSION = 1.0;
				PRODUCT_BUNDLE_IDENTIFIER = "com.seven.ci-cd-testTests";
				PRODUCT_NAME = "$(TARGET_NAME)";
				SWIFT_EMIT_LOC_STRINGS = NO;
				SWIFT_VERSION = 5.0;
				TARGETED_DEVICE_FAMILY = "1,2";
				TEST_HOST = "$(BUILT_PRODUCTS_DIR)/ci-cd-test.app/$(BUNDLE_EXECUTABLE_FOLDER_PATH)/ci-cd-test";
			};
			name = Release;
		};
		14273F592AD5C40C002C29DB /* Debug */ = {
			isa = XCBuildConfiguration;
			buildSettings = {
				ALWAYS_EMBED_SWIFT_STANDARD_LIBRARIES = YES;
				CODE_SIGN_STYLE = Automatic;
				CURRENT_PROJECT_VERSION = 1;
				DEVELOPMENT_TEAM = NMM9F9QK67;
				GENERATE_INFOPLIST_FILE = YES;
				MARKETING_VERSION = 1.0;
				PRODUCT_BUNDLE_IDENTIFIER = "com.seven.ci-cd-testUITests";
				PRODUCT_NAME = "$(TARGET_NAME)";
				SWIFT_EMIT_LOC_STRINGS = NO;
				SWIFT_VERSION = 5.0;
				TARGETED_DEVICE_FAMILY = "1,2";
				TEST_TARGET_NAME = "ci-cd-test";
			};
			name = Debug;
		};
		14273F5A2AD5C40C002C29DB /* Release */ = {
			isa = XCBuildConfiguration;
			buildSettings = {
				ALWAYS_EMBED_SWIFT_STANDARD_LIBRARIES = YES;
				CODE_SIGN_STYLE = Automatic;
				CURRENT_PROJECT_VERSION = 1;
				DEVELOPMENT_TEAM = NMM9F9QK67;
				GENERATE_INFOPLIST_FILE = YES;
				MARKETING_VERSION = 1.0;
				PRODUCT_BUNDLE_IDENTIFIER = "com.seven.ci-cd-testUITests";
				PRODUCT_NAME = "$(TARGET_NAME)";
				SWIFT_EMIT_LOC_STRINGS = NO;
				SWIFT_VERSION = 5.0;
				TARGETED_DEVICE_FAMILY = "1,2";
				TEST_TARGET_NAME = "ci-cd-test";
			};
			name = Release;
		};
/* End XCBuildConfiguration section */

/* Begin XCConfigurationList section */
		14273F232AD5C40A002C29DB /* Build configuration list for PBXProject "ci-cd-test" */ = {
			isa = XCConfigurationList;
			buildConfigurations = (
				14273F502AD5C40C002C29DB /* Debug */,
				14273F512AD5C40C002C29DB /* Release */,
			);
			defaultConfigurationIsVisible = 0;
			defaultConfigurationName = Release;
		};
		14273F522AD5C40C002C29DB /* Build configuration list for PBXNativeTarget "ci-cd-test" */ = {
			isa = XCConfigurationList;
			buildConfigurations = (
				14273F532AD5C40C002C29DB /* Debug */,
				14273F542AD5C40C002C29DB /* Release */,
			);
			defaultConfigurationIsVisible = 0;
			defaultConfigurationName = Release;
		};
		14273F552AD5C40C002C29DB /* Build configuration list for PBXNativeTarget "ci-cd-testTests" */ = {
			isa = XCConfigurationList;
			buildConfigurations = (
				14273F562AD5C40C002C29DB /* Debug */,
				14273F572AD5C40C002C29DB /* Release */,
			);
			defaultConfigurationIsVisible = 0;
			defaultConfigurationName = Release;
		};
		14273F582AD5C40C002C29DB /* Build configuration list for PBXNativeTarget "ci-cd-testUITests" */ = {
			isa = XCConfigurationList;
			buildConfigurations = (
				14273F592AD5C40C002C29DB /* Debug */,
				14273F5A2AD5C40C002C29DB /* Release */,
			);
			defaultConfigurationIsVisible = 0;
			defaultConfigurationName = Release;
		};
/* End XCConfigurationList section */
	};
	rootObject = 14273F202AD5C40A002C29DB /* Project object */;
}
